{
  "nodes": {
    "nixpkgs": {
      "locked": {
        "lastModified": 1671040593,
        "narHash": "sha256-W5aZNwYBjaEaLifDWGEfecvnCiDkXjI26rHgidSftUM=",
        "owner": "NixOS",
        "repo": "nixpkgs",
        "rev": "170e39462b516bd1475ce9184f7bb93106d27c59",
        "type": "github"
      },
      "original": {
        "id": "nixpkgs",
        "ref": "nixos-22.11",
        "type": "indirect"
      }
    },
    "root": {
      "inputs": {
        "nixpkgs": "nixpkgs"
      }
    }
  },
  "root": "root",
  "version": 7
}
